
Microsoft Visual Studio Solution File, Format Version 12.00
# Visual Studio Version 16
VisualStudioVersion = 16.0.30626.31
MinimumVisualStudioVersion = 10.0.40219.1
Project("{9A19103F-16F7-4668-BE54-9A1E7A4F7556}") = "ProductApi", "ProductAPI\ProductApi.csproj", "{7D34350E-D560-4DE8-B4B0-6F16DAC64E0A}"
EndProject
Global
	GlobalSection(SolutionConfigurationPlatforms) = preSolution
		Debug|Any CPU = Debug|Any CPU
		Release|Any CPU = Release|Any CPU
	EndGlobalSection
	GlobalSection(ProjectConfigurationPlatforms) = postSolution
		{7D34350E-D560-4DE8-B4B0-6F16DAC64E0A}.Debug|Any CPU.ActiveCfg = Debug|Any CPU
		{7D34350E-D560-4DE8-B4B0-6F16DAC64E0A}.Debug|Any CPU.Build.0 = Debug|Any CPU
		{7D34350E-D560-4DE8-B4B0-6F16DAC64E0A}.Release|Any CPU.ActiveCfg = Release|Any CPU
		{7D34350E-D560-4DE8-B4B0-6F16DAC64E0A}.Release|Any CPU.Build.0 = Release|Any CPU
	EndGlobalSection
	GlobalSection(SolutionProperties) = preSolution
		HideSolutionNode = FALSE
	EndGlobalSection
	GlobalSection(ExtensibilityGlobals) = postSolution
		SolutionGuid = {987A7299-1A5C-4907-9762-14874BF04FF8}
	EndGlobalSection
EndGlobal
